
Microsoft Visual Studio Solution File, Format Version 12.00
# Visual Studio Version 17
VisualStudioVersion = 17.11.35431.28
MinimumVisualStudioVersion = 10.0.40219.1
Project("{FAE04EC0-301F-11D3-BF4B-00C04F79EFBC}") = "DevFreela.API", "DevFreela.API\DevFreela.API.csproj", "{81822DB5-C484-4263-AC21-2A498119348C}"
EndProject
Global
	GlobalSection(SolutionConfigurationPlatforms) = preSolution
		Debug|Any CPU = Debug|Any CPU
		Release|Any CPU = Release|Any CPU
	EndGlobalSection
	GlobalSection(ProjectConfigurationPlatforms) = postSolution
		{81822DB5-C484-4263-AC21-2A498119348C}.Debug|Any CPU.ActiveCfg = Debug|Any CPU
		{81822DB5-C484-4263-AC21-2A498119348C}.Debug|Any CPU.Build.0 = Debug|Any CPU
		{81822DB5-C484-4263-AC21-2A498119348C}.Release|Any CPU.ActiveCfg = Release|Any CPU
		{81822DB5-C484-4263-AC21-2A498119348C}.Release|Any CPU.Build.0 = Release|Any CPU
	EndGlobalSection
	GlobalSection(SolutionProperties) = preSolution
		HideSolutionNode = FALSE
	EndGlobalSection
	GlobalSection(ExtensibilityGlobals) = postSolution
		SolutionGuid = {56032B1B-DAE9-4BB5-9A9B-3FFA3499F441}
	EndGlobalSection
EndGlobal
