
Microsoft Visual Studio Solution File, Format Version 12.00
# Visual Studio Version 17
VisualStudioVersion = 17.11.35431.28
MinimumVisualStudioVersion = 10.0.40219.1
Project("{9A19103F-16F7-4668-BE54-9A1E7A4F7556}") = "DevFreela.API", "DevFreela.API\DevFreela.API.csproj", "{81822DB5-C484-4263-AC21-2A498119348C}"
EndProject
Project("{FAE04EC0-301F-11D3-BF4B-00C04F79EFBC}") = "DevFreela.Application", "DevFreela.Application\DevFreela.Application.csproj", "{0A351E48-76F7-49CF-8606-61A14C40DCF7}"
EndProject
Project("{FAE04EC0-301F-11D3-BF4B-00C04F79EFBC}") = "DevFreela.Infrastructure", "DevFreela.Infrastructure\DevFreela.Infrastructure.csproj", "{43E8E7F5-5100-4EE8-8785-521F7D522A75}"
EndProject
Project("{FAE04EC0-301F-11D3-BF4B-00C04F79EFBC}") = "DevFreela.Core", "DevFreela.Core\DevFreela.Core.csproj", "{54C0E54B-42F4-4E4A-A826-79C2A9A11FD0}"
EndProject
Global
	GlobalSection(SolutionConfigurationPlatforms) = preSolution
		Debug|Any CPU = Debug|Any CPU
		Release|Any CPU = Release|Any CPU
	EndGlobalSection
	GlobalSection(ProjectConfigurationPlatforms) = postSolution
		{81822DB5-C484-4263-AC21-2A498119348C}.Debug|Any CPU.ActiveCfg = Debug|Any CPU
		{81822DB5-C484-4263-AC21-2A498119348C}.Debug|Any CPU.Build.0 = Debug|Any CPU
		{81822DB5-C484-4263-AC21-2A498119348C}.Release|Any CPU.ActiveCfg = Release|Any CPU
		{81822DB5-C484-4263-AC21-2A498119348C}.Release|Any CPU.Build.0 = Release|Any CPU
		{0A351E48-76F7-49CF-8606-61A14C40DCF7}.Debug|Any CPU.ActiveCfg = Debug|Any CPU
		{0A351E48-76F7-49CF-8606-61A14C40DCF7}.Debug|Any CPU.Build.0 = Debug|Any CPU
		{0A351E48-76F7-49CF-8606-61A14C40DCF7}.Release|Any CPU.ActiveCfg = Release|Any CPU
		{0A351E48-76F7-49CF-8606-61A14C40DCF7}.Release|Any CPU.Build.0 = Release|Any CPU
		{43E8E7F5-5100-4EE8-8785-521F7D522A75}.Debug|Any CPU.ActiveCfg = Debug|Any CPU
		{43E8E7F5-5100-4EE8-8785-521F7D522A75}.Debug|Any CPU.Build.0 = Debug|Any CPU
		{43E8E7F5-5100-4EE8-8785-521F7D522A75}.Release|Any CPU.ActiveCfg = Release|Any CPU
		{43E8E7F5-5100-4EE8-8785-521F7D522A75}.Release|Any CPU.Build.0 = Release|Any CPU
		{54C0E54B-42F4-4E4A-A826-79C2A9A11FD0}.Debug|Any CPU.ActiveCfg = Debug|Any CPU
		{54C0E54B-42F4-4E4A-A826-79C2A9A11FD0}.Debug|Any CPU.Build.0 = Debug|Any CPU
		{54C0E54B-42F4-4E4A-A826-79C2A9A11FD0}.Release|Any CPU.ActiveCfg = Release|Any CPU
		{54C0E54B-42F4-4E4A-A826-79C2A9A11FD0}.Release|Any CPU.Build.0 = Release|Any CPU
	EndGlobalSection
	GlobalSection(SolutionProperties) = preSolution
		HideSolutionNode = FALSE
	EndGlobalSection
	GlobalSection(ExtensibilityGlobals) = postSolution
		SolutionGuid = {56032B1B-DAE9-4BB5-9A9B-3FFA3499F441}
	EndGlobalSection
EndGlobal
